
Microsoft Visual Studio Solution File, Format Version 12.00
# Visual Studio Version 17
VisualStudioVersion = 17.4.33213.308
MinimumVisualStudioVersion = 10.0.40219.1
Project("{FAE04EC0-301F-11D3-BF4B-00C04F79EFBC}") = "MeetingProject", "MeetingProject\MeetingProject.csproj", "{74EA8B3F-5E33-47BA-80FE-5F065A46DC64}"
EndProject
Project("{FAE04EC0-301F-11D3-BF4B-00C04F79EFBC}") = "MeetingProjectTestApplication", "MeetingProjectTestApplication\MeetingProjectTestApplication.csproj", "{C08A7C75-70CA-4916-9D2E-36181B05781B}"
EndProject
Project("{FAE04EC0-301F-11D3-BF4B-00C04F79EFBC}") = "ForCompanyMeetingProject", "ForCompanyMeetingProject\ForCompanyMeetingProject.csproj", "{85964A31-76B3-42A3-8DA9-46F435EBEFEB}"
EndProject
Global
	GlobalSection(SolutionConfigurationPlatforms) = preSolution
		Debug|Any CPU = Debug|Any CPU
		Release|Any CPU = Release|Any CPU
	EndGlobalSection
	GlobalSection(ProjectConfigurationPlatforms) = postSolution
		{74EA8B3F-5E33-47BA-80FE-5F065A46DC64}.Debug|Any CPU.ActiveCfg = Debug|Any CPU
		{74EA8B3F-5E33-47BA-80FE-5F065A46DC64}.Debug|Any CPU.Build.0 = Debug|Any CPU
		{74EA8B3F-5E33-47BA-80FE-5F065A46DC64}.Release|Any CPU.ActiveCfg = Release|Any CPU
		{74EA8B3F-5E33-47BA-80FE-5F065A46DC64}.Release|Any CPU.Build.0 = Release|Any CPU
		{C08A7C75-70CA-4916-9D2E-36181B05781B}.Debug|Any CPU.ActiveCfg = Debug|Any CPU
		{C08A7C75-70CA-4916-9D2E-36181B05781B}.Debug|Any CPU.Build.0 = Debug|Any CPU
		{C08A7C75-70CA-4916-9D2E-36181B05781B}.Release|Any CPU.ActiveCfg = Release|Any CPU
		{C08A7C75-70CA-4916-9D2E-36181B05781B}.Release|Any CPU.Build.0 = Release|Any CPU
		{85964A31-76B3-42A3-8DA9-46F435EBEFEB}.Debug|Any CPU.ActiveCfg = Debug|Any CPU
		{85964A31-76B3-42A3-8DA9-46F435EBEFEB}.Debug|Any CPU.Build.0 = Debug|Any CPU
		{85964A31-76B3-42A3-8DA9-46F435EBEFEB}.Release|Any CPU.ActiveCfg = Release|Any CPU
		{85964A31-76B3-42A3-8DA9-46F435EBEFEB}.Release|Any CPU.Build.0 = Release|Any CPU
	EndGlobalSection
	GlobalSection(SolutionProperties) = preSolution
		HideSolutionNode = FALSE
	EndGlobalSection
	GlobalSection(ExtensibilityGlobals) = postSolution
		SolutionGuid = {61BF164A-4F40-4EF2-A4EE-40513D9D9A50}
	EndGlobalSection
EndGlobal
